
Microsoft Visual Studio Solution File, Format Version 12.00
# Visual Studio Version 17
VisualStudioVersion = 17.2.32526.322
MinimumVisualStudioVersion = 10.0.40219.1
Project("{9A19103F-16F7-4668-BE54-9A1E7A4F7556}") = "RecipeJWT", "RecipeJWT\RecipeJWT.csproj", "{95F719B7-F28C-40D3-8FDA-F5BB03678339}"
EndProject
Project("{FAE04EC0-301F-11D3-BF4B-00C04F79EFBC}") = "Api", "Api\Api.csproj", "{C0A4D02E-A770-47DA-86F3-4358A5B2BB36}"
EndProject
Global
	GlobalSection(SolutionConfigurationPlatforms) = preSolution
		Debug|Any CPU = Debug|Any CPU
		Release|Any CPU = Release|Any CPU
	EndGlobalSection
	GlobalSection(ProjectConfigurationPlatforms) = postSolution
		{95F719B7-F28C-40D3-8FDA-F5BB03678339}.Debug|Any CPU.ActiveCfg = Debug|Any CPU
		{95F719B7-F28C-40D3-8FDA-F5BB03678339}.Debug|Any CPU.Build.0 = Debug|Any CPU
		{95F719B7-F28C-40D3-8FDA-F5BB03678339}.Release|Any CPU.ActiveCfg = Release|Any CPU
		{95F719B7-F28C-40D3-8FDA-F5BB03678339}.Release|Any CPU.Build.0 = Release|Any CPU
		{C0A4D02E-A770-47DA-86F3-4358A5B2BB36}.Debug|Any CPU.ActiveCfg = Debug|Any CPU
		{C0A4D02E-A770-47DA-86F3-4358A5B2BB36}.Debug|Any CPU.Build.0 = Debug|Any CPU
		{C0A4D02E-A770-47DA-86F3-4358A5B2BB36}.Release|Any CPU.ActiveCfg = Release|Any CPU
		{C0A4D02E-A770-47DA-86F3-4358A5B2BB36}.Release|Any CPU.Build.0 = Release|Any CPU
	EndGlobalSection
	GlobalSection(SolutionProperties) = preSolution
		HideSolutionNode = FALSE
	EndGlobalSection
	GlobalSection(ExtensibilityGlobals) = postSolution
		SolutionGuid = {BD1B7D06-93EB-4F11-8647-83A39FC82920}
	EndGlobalSection
EndGlobal
